{
  "nodes": {
    "home-manager": {
      "inputs": {
        "nixpkgs": [
          "nixpkgs"
        ]
      },
      "locked": {
        "lastModified": 1747340209,
        "narHash": "sha256-tUiXrwlJoG3dzJ+fSwv1S3VPU5ODSPZJHoBmlu4t344=",
        "owner": "nix-community",
        "repo": "home-manager",
        "rev": "098e365dd83311cc8236f83ea6be42abb49a6c76",
        "type": "github"
      },
      "original": {
        "owner": "nix-community",
        "repo": "home-manager",
        "type": "github"
      }
    },
    "nixpkgs": {
      "locked": {
        "lastModified": 1747179050,
        "narHash": "sha256-qhFMmDkeJX9KJwr5H32f1r7Prs7XbQWtO0h3V0a0rFY=",
        "owner": "nixos",
        "repo": "nixpkgs",
        "rev": "adaa24fbf46737f3f1b5497bf64bae750f82942e",
        "type": "github"
      },
      "original": {
        "owner": "nixos",
        "ref": "nixos-unstable",
        "repo": "nixpkgs",
        "type": "github"
      }
    },
    "punctuate": {
      "inputs": {
        "nixpkgs": [
          "nixpkgs"
        ]
      },
      "locked": {
        "lastModified": 1740471968,
        "narHash": "sha256-qpd+Rg7xk/FBNXIZOrXg20JcqUqp+cXLiO4UGP5q/PM=",
        "owner": "SimonRenblad",
        "repo": "punctuate",
        "rev": "a9af91aad6499f7ab5803c73298fdaaad0f0dc29",
        "type": "github"
      },
      "original": {
        "owner": "SimonRenblad",
        "repo": "punctuate",
        "type": "github"
      }
    },
    "root": {
      "inputs": {
        "home-manager": "home-manager",
        "nixpkgs": "nixpkgs",
        "punctuate": "punctuate"
      }
    }
  },
  "root": "root",
  "version": 7
}
