{
  "nodes": {
    "home-manager": {
      "inputs": {
        "nixpkgs": [
          "nixpkgs"
        ]
      },
      "locked": {
        "lastModified": 1750973805,
        "narHash": "sha256-BZXgag7I0rnL/HMHAsBz3tQrfKAibpY2vovexl2lS+Y=",
        "owner": "nix-community",
        "repo": "home-manager",
        "rev": "080e8b48b0318b38143d5865de9334f46d51fce3",
        "type": "github"
      },
      "original": {
        "owner": "nix-community",
        "repo": "home-manager",
        "type": "github"
      }
    },
    "nixpkgs": {
      "locked": {
        "lastModified": 1750776420,
        "narHash": "sha256-/CG+w0o0oJ5itVklOoLbdn2dGB0wbZVOoDm4np6w09A=",
        "owner": "nixos",
        "repo": "nixpkgs",
        "rev": "30a61f056ac492e3b7cdcb69c1e6abdcf00e39cf",
        "type": "github"
      },
      "original": {
        "owner": "nixos",
        "ref": "nixos-unstable",
        "repo": "nixpkgs",
        "type": "github"
      }
    },
    "punctuate": {
      "inputs": {
        "nixpkgs": [
          "nixpkgs"
        ]
      },
      "locked": {
        "lastModified": 1740471968,
        "narHash": "sha256-qpd+Rg7xk/FBNXIZOrXg20JcqUqp+cXLiO4UGP5q/PM=",
        "owner": "SimonRenblad",
        "repo": "punctuate",
        "rev": "a9af91aad6499f7ab5803c73298fdaaad0f0dc29",
        "type": "github"
      },
      "original": {
        "owner": "SimonRenblad",
        "repo": "punctuate",
        "type": "github"
      }
    },
    "root": {
      "inputs": {
        "home-manager": "home-manager",
        "nixpkgs": "nixpkgs",
        "punctuate": "punctuate",
        "ttyper": "ttyper"
      }
    },
    "ttyper": {
      "inputs": {
        "nixpkgs": [
          "nixpkgs"
        ]
      },
      "locked": {
        "lastModified": 1750838933,
        "narHash": "sha256-PSSbxFSxSvvYIU6uDIPL6VRGGs261u90LTLyI4DTZKg=",
        "owner": "SimonRenblad",
        "repo": "ttyper",
        "rev": "539c97c3927debf564fc505f1ddd880726135de3",
        "type": "github"
      },
      "original": {
        "owner": "SimonRenblad",
        "repo": "ttyper",
        "type": "github"
      }
    }
  },
  "root": "root",
  "version": 7
}
